
Microsoft Visual Studio Solution File, Format Version 11.00
# Visual Studio 2010
Project("{FAE04EC0-301F-11D3-BF4B-00C04F79EFBC}") = "DevionGames.Utilities", "DevionGames.Utilities.csproj", "{8d32f616-acab-f003-fb5c-26bb8e46ab37}"
EndProject
Project("{FAE04EC0-301F-11D3-BF4B-00C04F79EFBC}") = "DevionGames.UIWidgets", "DevionGames.UIWidgets.csproj", "{c44184f7-48ca-2bd3-46fa-84861003dcc4}"
EndProject
Project("{FAE04EC0-301F-11D3-BF4B-00C04F79EFBC}") = "Assembly-CSharp", "Assembly-CSharp.csproj", "{3b9359b7-3d34-2774-e149-1576d95402e5}"
EndProject
Project("{FAE04EC0-301F-11D3-BF4B-00C04F79EFBC}") = "Assembly-CSharp-firstpass", "Assembly-CSharp-firstpass.csproj", "{fbc524eb-6079-7457-b1b2-09c83578586a}"
EndProject
Project("{FAE04EC0-301F-11D3-BF4B-00C04F79EFBC}") = "Assembly-CSharp-Editor", "Assembly-CSharp-Editor.csproj", "{532282ce-1e5d-c855-6697-e8efff50b93c}"
EndProject
Global
	GlobalSection(SolutionConfigurationPlatforms) = preSolution
		Debug|Any CPU = Debug|Any CPU
	EndGlobalSection
	GlobalSection(ProjectConfigurationPlatforms) = postSolution
		{8d32f616-acab-f003-fb5c-26bb8e46ab37}.Debug|Any CPU.ActiveCfg = Debug|Any CPU
		{8d32f616-acab-f003-fb5c-26bb8e46ab37}.Debug|Any CPU.Build.0 = Debug|Any CPU
		{c44184f7-48ca-2bd3-46fa-84861003dcc4}.Debug|Any CPU.ActiveCfg = Debug|Any CPU
		{c44184f7-48ca-2bd3-46fa-84861003dcc4}.Debug|Any CPU.Build.0 = Debug|Any CPU
		{3b9359b7-3d34-2774-e149-1576d95402e5}.Debug|Any CPU.ActiveCfg = Debug|Any CPU
		{3b9359b7-3d34-2774-e149-1576d95402e5}.Debug|Any CPU.Build.0 = Debug|Any CPU
		{fbc524eb-6079-7457-b1b2-09c83578586a}.Debug|Any CPU.ActiveCfg = Debug|Any CPU
		{fbc524eb-6079-7457-b1b2-09c83578586a}.Debug|Any CPU.Build.0 = Debug|Any CPU
		{532282ce-1e5d-c855-6697-e8efff50b93c}.Debug|Any CPU.ActiveCfg = Debug|Any CPU
		{532282ce-1e5d-c855-6697-e8efff50b93c}.Debug|Any CPU.Build.0 = Debug|Any CPU
	EndGlobalSection
	GlobalSection(SolutionProperties) = preSolution
		HideSolutionNode = FALSE
	EndGlobalSection
EndGlobal
