
Microsoft Visual Studio Solution File, Format Version 12.00
# Visual Studio 15
Project("{FAE04EC0-301F-11D3-BF4B-00C04F79EFBC}") = "Assembly-CSharp-firstpass", "Assembly-CSharp-firstpass.csproj", "{93AEFD80-846F-E16D-2C7D-3321D089D1A2}"
EndProject
Project("{FAE04EC0-301F-11D3-BF4B-00C04F79EFBC}") = "Assembly-CSharp-Editor-firstpass", "Assembly-CSharp-Editor-firstpass.csproj", "{FAC81C0C-D0F6-9019-952F-F14B996899A2}"
EndProject
Global
	GlobalSection(SolutionConfigurationPlatforms) = preSolution
		Debug|Any CPU = Debug|Any CPU
		Release|Any CPU = Release|Any CPU
	EndGlobalSection
	GlobalSection(ProjectConfigurationPlatforms) = postSolution
		{93AEFD80-846F-E16D-2C7D-3321D089D1A2}.Debug|Any CPU.ActiveCfg = Debug|Any CPU
		{93AEFD80-846F-E16D-2C7D-3321D089D1A2}.Debug|Any CPU.Build.0 = Debug|Any CPU
		{93AEFD80-846F-E16D-2C7D-3321D089D1A2}.Release|Any CPU.ActiveCfg = Release|Any CPU
		{93AEFD80-846F-E16D-2C7D-3321D089D1A2}.Release|Any CPU.Build.0 = Release|Any CPU
		{FAC81C0C-D0F6-9019-952F-F14B996899A2}.Debug|Any CPU.ActiveCfg = Debug|Any CPU
		{FAC81C0C-D0F6-9019-952F-F14B996899A2}.Debug|Any CPU.Build.0 = Debug|Any CPU
		{FAC81C0C-D0F6-9019-952F-F14B996899A2}.Release|Any CPU.ActiveCfg = Release|Any CPU
		{FAC81C0C-D0F6-9019-952F-F14B996899A2}.Release|Any CPU.Build.0 = Release|Any CPU
	EndGlobalSection
	GlobalSection(SolutionProperties) = preSolution
		HideSolutionNode = FALSE
	EndGlobalSection
EndGlobal
